
Microsoft Visual Studio Solution File, Format Version 12.00
# Visual Studio Version 17
VisualStudioVersion = 17.14.36414.22
MinimumVisualStudioVersion = 10.0.40219.1
Project("{FAE04EC0-301F-11D3-BF4B-00C04F79EFBC}") = "WEX.TransactionAPI.Web", "wex-transactions-api\WEX.TransactionAPI.Web.csproj", "{B06B91C2-687A-4CFD-A30C-CBC760C3705D}"
EndProject
Project("{FAE04EC0-301F-11D3-BF4B-00C04F79EFBC}") = "WEX.TransactionAPI.Domain", "WEX.Transaction.Domain\WEX.TransactionAPI.Domain.csproj", "{920C2389-EDB5-4A24-B77A-D12E5A8E4C48}"
EndProject
Project("{FAE04EC0-301F-11D3-BF4B-00C04F79EFBC}") = "WEX.TransactionAPI.Application", "WEX.TransactionAPI.Application\WEX.TransactionAPI.Application.csproj", "{8FBB097C-3137-4C48-AC86-FA49194910C0}"
EndProject
Project("{FAE04EC0-301F-11D3-BF4B-00C04F79EFBC}") = "WEX.TransactionAPI.Infrastructure", "WEX.TransactionAPI.Infrastructure\WEX.TransactionAPI.Infrastructure.csproj", "{A932F6B6-7F7E-480B-ACC7-91EF7C55EFF5}"
EndProject
Project("{FAE04EC0-301F-11D3-BF4B-00C04F79EFBC}") = "WEX.TransactionAPI.Tests", "WEX.TransactionAPI.Tests\WEX.TransactionAPI.Tests.csproj", "{0E95ADA5-F142-4332-94F8-FCD0D1174324}"
EndProject
Global
	GlobalSection(SolutionConfigurationPlatforms) = preSolution
		Debug|Any CPU = Debug|Any CPU
		Release|Any CPU = Release|Any CPU
	EndGlobalSection
	GlobalSection(ProjectConfigurationPlatforms) = postSolution
		{B06B91C2-687A-4CFD-A30C-CBC760C3705D}.Debug|Any CPU.ActiveCfg = Debug|Any CPU
		{B06B91C2-687A-4CFD-A30C-CBC760C3705D}.Debug|Any CPU.Build.0 = Debug|Any CPU
		{B06B91C2-687A-4CFD-A30C-CBC760C3705D}.Release|Any CPU.ActiveCfg = Release|Any CPU
		{B06B91C2-687A-4CFD-A30C-CBC760C3705D}.Release|Any CPU.Build.0 = Release|Any CPU
		{920C2389-EDB5-4A24-B77A-D12E5A8E4C48}.Debug|Any CPU.ActiveCfg = Debug|Any CPU
		{920C2389-EDB5-4A24-B77A-D12E5A8E4C48}.Debug|Any CPU.Build.0 = Debug|Any CPU
		{920C2389-EDB5-4A24-B77A-D12E5A8E4C48}.Release|Any CPU.ActiveCfg = Release|Any CPU
		{920C2389-EDB5-4A24-B77A-D12E5A8E4C48}.Release|Any CPU.Build.0 = Release|Any CPU
		{8FBB097C-3137-4C48-AC86-FA49194910C0}.Debug|Any CPU.ActiveCfg = Debug|Any CPU
		{8FBB097C-3137-4C48-AC86-FA49194910C0}.Debug|Any CPU.Build.0 = Debug|Any CPU
		{8FBB097C-3137-4C48-AC86-FA49194910C0}.Release|Any CPU.ActiveCfg = Release|Any CPU
		{8FBB097C-3137-4C48-AC86-FA49194910C0}.Release|Any CPU.Build.0 = Release|Any CPU
		{A932F6B6-7F7E-480B-ACC7-91EF7C55EFF5}.Debug|Any CPU.ActiveCfg = Debug|Any CPU
		{A932F6B6-7F7E-480B-ACC7-91EF7C55EFF5}.Debug|Any CPU.Build.0 = Debug|Any CPU
		{A932F6B6-7F7E-480B-ACC7-91EF7C55EFF5}.Release|Any CPU.ActiveCfg = Release|Any CPU
		{A932F6B6-7F7E-480B-ACC7-91EF7C55EFF5}.Release|Any CPU.Build.0 = Release|Any CPU
		{0E95ADA5-F142-4332-94F8-FCD0D1174324}.Debug|Any CPU.ActiveCfg = Debug|Any CPU
		{0E95ADA5-F142-4332-94F8-FCD0D1174324}.Debug|Any CPU.Build.0 = Debug|Any CPU
		{0E95ADA5-F142-4332-94F8-FCD0D1174324}.Release|Any CPU.ActiveCfg = Release|Any CPU
		{0E95ADA5-F142-4332-94F8-FCD0D1174324}.Release|Any CPU.Build.0 = Release|Any CPU
	EndGlobalSection
	GlobalSection(SolutionProperties) = preSolution
		HideSolutionNode = FALSE
	EndGlobalSection
	GlobalSection(ExtensibilityGlobals) = postSolution
		SolutionGuid = {B7AFAF7F-C38D-46CB-AF4D-87D162C5081C}
	EndGlobalSection
EndGlobal
